// !$*UTF8*$!
{
	archiveVersion = 1;
	classes = {
	};
	objectVersion = 56;
	objects = {

/* Begin PBXBuildFile section */
		3B4BC7962987619800C21130 /* AppDelegate.swift in Sources */ = {isa = PBXBuildFile; fileRef = 3B4BC7952987619800C21130 /* AppDelegate.swift */; };
		3B4BC7982987619800C21130 /* SceneDelegate.swift in Sources */ = {isa = PBXBuildFile; fileRef = 3B4BC7972987619800C21130 /* SceneDelegate.swift */; };
		3B4BC79A2987619800C21130 /* ListProfileViewController.swift in Sources */ = {isa = PBXBuildFile; fileRef = 3B4BC7992987619800C21130 /* ListProfileViewController.swift */; };
		3B4BC79D2987619800C21130 /* Main.storyboard in Resources */ = {isa = PBXBuildFile; fileRef = 3B4BC79B2987619800C21130 /* Main.storyboard */; };
		3B4BC79F2987619A00C21130 /* Assets.xcassets in Resources */ = {isa = PBXBuildFile; fileRef = 3B4BC79E2987619A00C21130 /* Assets.xcassets */; };
		3B4BC7A22987619A00C21130 /* LaunchScreen.storyboard in Resources */ = {isa = PBXBuildFile; fileRef = 3B4BC7A02987619A00C21130 /* LaunchScreen.storyboard */; };
		3B4BC7A7298761A500C21130 /* InputManager.swift in Sources */ = {isa = PBXBuildFile; fileRef = 3B7DEA122952C861002C7E4D /* InputManager.swift */; };
		3B4BC7A8298761A700C21130 /* Profile.swift in Sources */ = {isa = PBXBuildFile; fileRef = 3B7DEA142952C8F1002C7E4D /* Profile.swift */; };
		3B4BC7A9298761AA00C21130 /* ContactManageSystem.swift in Sources */ = {isa = PBXBuildFile; fileRef = 3B7DEA162952D10D002C7E4D /* ContactManageSystem.swift */; };
		3B4BC7AA298761AC00C21130 /* InputError.swift in Sources */ = {isa = PBXBuildFile; fileRef = EB1AE1922953F044003C94B0 /* InputError.swift */; };
		3B7DEA132952C861002C7E4D /* InputManager.swift in Sources */ = {isa = PBXBuildFile; fileRef = 3B7DEA122952C861002C7E4D /* InputManager.swift */; };
		3B7DEA152952C8F1002C7E4D /* Profile.swift in Sources */ = {isa = PBXBuildFile; fileRef = 3B7DEA142952C8F1002C7E4D /* Profile.swift */; };
		3B7DEA172952D10D002C7E4D /* ContactManageSystem.swift in Sources */ = {isa = PBXBuildFile; fileRef = 3B7DEA162952D10D002C7E4D /* ContactManageSystem.swift */; };
		3B881C70298B4D8B00A47153 /* AddProfileViewController.swift in Sources */ = {isa = PBXBuildFile; fileRef = 3B881C6F298B4D8B00A47153 /* AddProfileViewController.swift */; };
		3B881C73298CAB6F00A47153 /* OutputManager.swift in Sources */ = {isa = PBXBuildFile; fileRef = EB374D09295AC31800A737ED /* OutputManager.swift */; };
		764D00F72989F40B00E5D75D /* .gitkeep in Resources */ = {isa = PBXBuildFile; fileRef = 764D00F62989F40B00E5D75D /* .gitkeep */; };
		EB1AE1932953F044003C94B0 /* InputError.swift in Sources */ = {isa = PBXBuildFile; fileRef = EB1AE1922953F044003C94B0 /* InputError.swift */; };
		EB374D0A295AC31800A737ED /* OutputManager.swift in Sources */ = {isa = PBXBuildFile; fileRef = EB374D09295AC31800A737ED /* OutputManager.swift */; };
		EB5EB1AA2952BE4300752155 /* main.swift in Sources */ = {isa = PBXBuildFile; fileRef = EB5EB1A92952BE4300752155 /* main.swift */; };
/* End PBXBuildFile section */

/* Begin PBXCopyFilesBuildPhase section */
		EB5EB1A42952BE4300752155 /* CopyFiles */ = {
			isa = PBXCopyFilesBuildPhase;
			buildActionMask = 2147483647;
			dstPath = /usr/share/man/man1/;
			dstSubfolderSpec = 0;
			files = (
			);
			runOnlyForDeploymentPostprocessing = 1;
		};
/* End PBXCopyFilesBuildPhase section */

/* Begin PBXFileReference section */
		3B4BC7932987619700C21130 /* ContactManagerUI.app */ = {isa = PBXFileReference; explicitFileType = wrapper.application; includeInIndex = 0; path = ContactManagerUI.app; sourceTree = BUILT_PRODUCTS_DIR; };
		3B4BC7952987619800C21130 /* AppDelegate.swift */ = {isa = PBXFileReference; lastKnownFileType = sourcecode.swift; path = AppDelegate.swift; sourceTree = "<group>"; };
		3B4BC7972987619800C21130 /* SceneDelegate.swift */ = {isa = PBXFileReference; lastKnownFileType = sourcecode.swift; path = SceneDelegate.swift; sourceTree = "<group>"; };
		3B4BC7992987619800C21130 /* ListProfileViewController.swift */ = {isa = PBXFileReference; lastKnownFileType = sourcecode.swift; path = ListProfileViewController.swift; sourceTree = "<group>"; };
		3B4BC79C2987619800C21130 /* Base */ = {isa = PBXFileReference; lastKnownFileType = file.storyboard; name = Base; path = Base.lproj/Main.storyboard; sourceTree = "<group>"; };
		3B4BC79E2987619A00C21130 /* Assets.xcassets */ = {isa = PBXFileReference; lastKnownFileType = folder.assetcatalog; path = Assets.xcassets; sourceTree = "<group>"; };
		3B4BC7A12987619A00C21130 /* Base */ = {isa = PBXFileReference; lastKnownFileType = file.storyboard; name = Base; path = Base.lproj/LaunchScreen.storyboard; sourceTree = "<group>"; };
		3B4BC7A32987619A00C21130 /* Info.plist */ = {isa = PBXFileReference; lastKnownFileType = text.plist.xml; path = Info.plist; sourceTree = "<group>"; };
		3B7DEA122952C861002C7E4D /* InputManager.swift */ = {isa = PBXFileReference; lastKnownFileType = sourcecode.swift; path = InputManager.swift; sourceTree = "<group>"; };
		3B7DEA142952C8F1002C7E4D /* Profile.swift */ = {isa = PBXFileReference; lastKnownFileType = sourcecode.swift; path = Profile.swift; sourceTree = "<group>"; };
		3B7DEA162952D10D002C7E4D /* ContactManageSystem.swift */ = {isa = PBXFileReference; lastKnownFileType = sourcecode.swift; path = ContactManageSystem.swift; sourceTree = "<group>"; };
		3B881C6F298B4D8B00A47153 /* AddProfileViewController.swift */ = {isa = PBXFileReference; lastKnownFileType = sourcecode.swift; path = AddProfileViewController.swift; sourceTree = "<group>"; };
		764D00F62989F40B00E5D75D /* .gitkeep */ = {isa = PBXFileReference; lastKnownFileType = text; path = .gitkeep; sourceTree = "<group>"; };
		EB1AE1922953F044003C94B0 /* InputError.swift */ = {isa = PBXFileReference; lastKnownFileType = sourcecode.swift; path = InputError.swift; sourceTree = "<group>"; };
		EB374D09295AC31800A737ED /* OutputManager.swift */ = {isa = PBXFileReference; lastKnownFileType = sourcecode.swift; path = OutputManager.swift; sourceTree = "<group>"; };
		EB5EB1A62952BE4300752155 /* ios-cantact-manager */ = {isa = PBXFileReference; explicitFileType = "compiled.mach-o.executable"; includeInIndex = 0; path = "ios-cantact-manager"; sourceTree = BUILT_PRODUCTS_DIR; };
		EB5EB1A92952BE4300752155 /* main.swift */ = {isa = PBXFileReference; lastKnownFileType = sourcecode.swift; path = main.swift; sourceTree = "<group>"; };
/* End PBXFileReference section */

/* Begin PBXFrameworksBuildPhase section */
		3B4BC7902987619700C21130 /* Frameworks */ = {
			isa = PBXFrameworksBuildPhase;
			buildActionMask = 2147483647;
			files = (
			);
			runOnlyForDeploymentPostprocessing = 0;
		};
		EB5EB1A32952BE4300752155 /* Frameworks */ = {
			isa = PBXFrameworksBuildPhase;
			buildActionMask = 2147483647;
			files = (
			);
			runOnlyForDeploymentPostprocessing = 0;
		};
/* End PBXFrameworksBuildPhase section */

/* Begin PBXGroup section */
		3B4BC7942987619800C21130 /* ContactManagerUI */ = {
			isa = PBXGroup;
			children = (
				769EB283298CD489002372F5 /* LaunchScreen */,
				769EB282298CD479002372F5 /* AppConfiguration */,
				764D00F12989F37F00E5D75D /* Models */,
				3B881C4C2989EF0D00A47153 /* Views */,
				3B881C4B2989EF0600A47153 /* Controllers */,
				3B4BC79E2987619A00C21130 /* Assets.xcassets */,
				3B4BC7A32987619A00C21130 /* Info.plist */,
			);
			path = ContactManagerUI;
			sourceTree = "<group>";
		};
		3B881C4B2989EF0600A47153 /* Controllers */ = {
			isa = PBXGroup;
			children = (
				3B4BC7992987619800C21130 /* ListProfileViewController.swift */,
				3B881C6F298B4D8B00A47153 /* AddProfileViewController.swift */,
			);
			path = Controllers;
			sourceTree = "<group>";
		};
		3B881C4C2989EF0D00A47153 /* Views */ = {
			isa = PBXGroup;
			children = (
				3B4BC79B2987619800C21130 /* Main.storyboard */,
			);
			path = Views;
			sourceTree = "<group>";
		};
		764D00F12989F37F00E5D75D /* Models */ = {
			isa = PBXGroup;
			children = (
				764D00F62989F40B00E5D75D /* .gitkeep */,
			);
			path = Models;
			sourceTree = "<group>";
		};
		769EB282298CD479002372F5 /* AppConfiguration */ = {
			isa = PBXGroup;
			children = (
				3B4BC7952987619800C21130 /* AppDelegate.swift */,
				3B4BC7972987619800C21130 /* SceneDelegate.swift */,
			);
			path = AppConfiguration;
			sourceTree = "<group>";
		};
		769EB283298CD489002372F5 /* LaunchScreen */ = {
			isa = PBXGroup;
			children = (
				3B4BC7A02987619A00C21130 /* LaunchScreen.storyboard */,
			);
			path = LaunchScreen;
			sourceTree = "<group>";
		};
		EB5EB19D2952BE4300752155 = {
			isa = PBXGroup;
			children = (
				EB5EB1A82952BE4300752155 /* ios-cantact-manager */,
				3B4BC7942987619800C21130 /* ContactManagerUI */,
				EB5EB1A72952BE4300752155 /* Products */,
			);
			sourceTree = "<group>";
		};
		EB5EB1A72952BE4300752155 /* Products */ = {
			isa = PBXGroup;
			children = (
				EB5EB1A62952BE4300752155 /* ios-cantact-manager */,
				3B4BC7932987619700C21130 /* ContactManagerUI.app */,
			);
			name = Products;
			sourceTree = "<group>";
		};
		EB5EB1A82952BE4300752155 /* ios-cantact-manager */ = {
			isa = PBXGroup;
			children = (
				EB5EB1A92952BE4300752155 /* main.swift */,
				3B7DEA122952C861002C7E4D /* InputManager.swift */,
				3B7DEA142952C8F1002C7E4D /* Profile.swift */,
				3B7DEA162952D10D002C7E4D /* ContactManageSystem.swift */,
				EB1AE1922953F044003C94B0 /* InputError.swift */,
				EB374D09295AC31800A737ED /* OutputManager.swift */,
			);
			path = "ios-cantact-manager";
			sourceTree = "<group>";
		};
/* End PBXGroup section */

/* Begin PBXNativeTarget section */
		3B4BC7922987619700C21130 /* ContactManagerUI */ = {
			isa = PBXNativeTarget;
			buildConfigurationList = 3B4BC7A62987619A00C21130 /* Build configuration list for PBXNativeTarget "ContactManagerUI" */;
			buildPhases = (
				3B4BC78F2987619700C21130 /* Sources */,
				3B4BC7902987619700C21130 /* Frameworks */,
				3B4BC7912987619700C21130 /* Resources */,
			);
			buildRules = (
			);
			dependencies = (
			);
			name = ContactManagerUI;
			productName = ContactManagerUI;
			productReference = 3B4BC7932987619700C21130 /* ContactManagerUI.app */;
			productType = "com.apple.product-type.application";
		};
		EB5EB1A52952BE4300752155 /* ios-cantact-manager */ = {
			isa = PBXNativeTarget;
			buildConfigurationList = EB5EB1AD2952BE4300752155 /* Build configuration list for PBXNativeTarget "ios-cantact-manager" */;
			buildPhases = (
				EB5EB1A22952BE4300752155 /* Sources */,
				EB5EB1A32952BE4300752155 /* Frameworks */,
				EB5EB1A42952BE4300752155 /* CopyFiles */,
			);
			buildRules = (
			);
			dependencies = (
			);
			name = "ios-cantact-manager";
			productName = "ios-cantact-manager";
			productReference = EB5EB1A62952BE4300752155 /* ios-cantact-manager */;
			productType = "com.apple.product-type.tool";
		};
/* End PBXNativeTarget section */

/* Begin PBXProject section */
		EB5EB19E2952BE4300752155 /* Project object */ = {
			isa = PBXProject;
			attributes = {
				BuildIndependentTargetsInParallel = 1;
				LastSwiftUpdateCheck = 1420;
				LastUpgradeCheck = 1420;
				TargetAttributes = {
					3B4BC7922987619700C21130 = {
						CreatedOnToolsVersion = 14.2;
					};
					EB5EB1A52952BE4300752155 = {
						CreatedOnToolsVersion = 14.2;
					};
				};
			};
			buildConfigurationList = EB5EB1A12952BE4300752155 /* Build configuration list for PBXProject "ios-cantact-manager" */;
			compatibilityVersion = "Xcode 14.0";
			developmentRegion = en;
			hasScannedForEncodings = 0;
			knownRegions = (
				en,
				Base,
			);
			mainGroup = EB5EB19D2952BE4300752155;
			productRefGroup = EB5EB1A72952BE4300752155 /* Products */;
			projectDirPath = "";
			projectRoot = "";
			targets = (
				EB5EB1A52952BE4300752155 /* ios-cantact-manager */,
				3B4BC7922987619700C21130 /* ContactManagerUI */,
			);
		};
/* End PBXProject section */

/* Begin PBXResourcesBuildPhase section */
		3B4BC7912987619700C21130 /* Resources */ = {
			isa = PBXResourcesBuildPhase;
			buildActionMask = 2147483647;
			files = (
				3B4BC7A22987619A00C21130 /* LaunchScreen.storyboard in Resources */,
				3B4BC79F2987619A00C21130 /* Assets.xcassets in Resources */,
				3B4BC79D2987619800C21130 /* Main.storyboard in Resources */,
				764D00F72989F40B00E5D75D /* .gitkeep in Resources */,
			);
			runOnlyForDeploymentPostprocessing = 0;
		};
/* End PBXResourcesBuildPhase section */

/* Begin PBXSourcesBuildPhase section */
		3B4BC78F2987619700C21130 /* Sources */ = {
			isa = PBXSourcesBuildPhase;
			buildActionMask = 2147483647;
			files = (
				3B4BC7A7298761A500C21130 /* InputManager.swift in Sources */,
				3B4BC7AA298761AC00C21130 /* InputError.swift in Sources */,
				3B4BC7A8298761A700C21130 /* Profile.swift in Sources */,
				3B881C70298B4D8B00A47153 /* AddProfileViewController.swift in Sources */,
				3B4BC7A9298761AA00C21130 /* ContactManageSystem.swift in Sources */,
				3B4BC79A2987619800C21130 /* ListProfileViewController.swift in Sources */,
				3B881C73298CAB6F00A47153 /* OutputManager.swift in Sources */,
				3B4BC7962987619800C21130 /* AppDelegate.swift in Sources */,
				3B4BC7982987619800C21130 /* SceneDelegate.swift in Sources */,
			);
			runOnlyForDeploymentPostprocessing = 0;
		};
		EB5EB1A22952BE4300752155 /* Sources */ = {
			isa = PBXSourcesBuildPhase;
			buildActionMask = 2147483647;
			files = (
				EB374D0A295AC31800A737ED /* OutputManager.swift in Sources */,
				3B7DEA132952C861002C7E4D /* InputManager.swift in Sources */,
				3B7DEA152952C8F1002C7E4D /* Profile.swift in Sources */,
				3B7DEA172952D10D002C7E4D /* ContactManageSystem.swift in Sources */,
				EB5EB1AA2952BE4300752155 /* main.swift in Sources */,
				EB1AE1932953F044003C94B0 /* InputError.swift in Sources */,
			);
			runOnlyForDeploymentPostprocessing = 0;
		};
/* End PBXSourcesBuildPhase section */

/* Begin PBXVariantGroup section */
		3B4BC79B2987619800C21130 /* Main.storyboard */ = {
			isa = PBXVariantGroup;
			children = (
				3B4BC79C2987619800C21130 /* Base */,
			);
			name = Main.storyboard;
			sourceTree = "<group>";
		};
		3B4BC7A02987619A00C21130 /* LaunchScreen.storyboard */ = {
			isa = PBXVariantGroup;
			children = (
				3B4BC7A12987619A00C21130 /* Base */,
			);
			name = LaunchScreen.storyboard;
			sourceTree = "<group>";
		};
/* End PBXVariantGroup section */

/* Begin XCBuildConfiguration section */
		3B4BC7A42987619A00C21130 /* Debug */ = {
			isa = XCBuildConfiguration;
			buildSettings = {
				ASSETCATALOG_COMPILER_APPICON_NAME = AppIcon;
				ASSETCATALOG_COMPILER_GLOBAL_ACCENT_COLOR_NAME = AccentColor;
				CODE_SIGN_STYLE = Automatic;
				CURRENT_PROJECT_VERSION = 1;
				GENERATE_INFOPLIST_FILE = YES;
				INFOPLIST_FILE = ContactManagerUI/Info.plist;
				INFOPLIST_KEY_UIApplicationSupportsIndirectInputEvents = YES;
				INFOPLIST_KEY_UILaunchStoryboardName = LaunchScreen;
				INFOPLIST_KEY_UIMainStoryboardFile = Main;
				INFOPLIST_KEY_UISupportedInterfaceOrientations_iPad = "UIInterfaceOrientationPortrait UIInterfaceOrientationPortraitUpsideDown UIInterfaceOrientationLandscapeLeft UIInterfaceOrientationLandscapeRight";
				INFOPLIST_KEY_UISupportedInterfaceOrientations_iPhone = "UIInterfaceOrientationPortrait UIInterfaceOrientationLandscapeLeft UIInterfaceOrientationLandscapeRight";
				IPHONEOS_DEPLOYMENT_TARGET = 16.2;
				LD_RUNPATH_SEARCH_PATHS = (
					"$(inherited)",
					"@executable_path/Frameworks",
				);
				MARKETING_VERSION = 1.0;
				PRODUCT_BUNDLE_IDENTIFIER = com.jenna.ContactManagerUI;
				PRODUCT_NAME = "$(TARGET_NAME)";
				SDKROOT = iphoneos;
				SWIFT_EMIT_LOC_STRINGS = YES;
				SWIFT_VERSION = 5.0;
				TARGETED_DEVICE_FAMILY = "1,2";
			};
			name = Debug;
		};
		3B4BC7A52987619A00C21130 /* Release */ = {
			isa = XCBuildConfiguration;
			buildSettings = {
				ASSETCATALOG_COMPILER_APPICON_NAME = AppIcon;
				ASSETCATALOG_COMPILER_GLOBAL_ACCENT_COLOR_NAME = AccentColor;
				CODE_SIGN_STYLE = Automatic;
				CURRENT_PROJECT_VERSION = 1;
				GENERATE_INFOPLIST_FILE = YES;
				INFOPLIST_FILE = ContactManagerUI/Info.plist;
				INFOPLIST_KEY_UIApplicationSupportsIndirectInputEvents = YES;
				INFOPLIST_KEY_UILaunchStoryboardName = LaunchScreen;
				INFOPLIST_KEY_UIMainStoryboardFile = Main;
				INFOPLIST_KEY_UISupportedInterfaceOrientations_iPad = "UIInterfaceOrientationPortrait UIInterfaceOrientationPortraitUpsideDown UIInterfaceOrientationLandscapeLeft UIInterfaceOrientationLandscapeRight";
				INFOPLIST_KEY_UISupportedInterfaceOrientations_iPhone = "UIInterfaceOrientationPortrait UIInterfaceOrientationLandscapeLeft UIInterfaceOrientationLandscapeRight";
				IPHONEOS_DEPLOYMENT_TARGET = 16.2;
				LD_RUNPATH_SEARCH_PATHS = (
					"$(inherited)",
					"@executable_path/Frameworks",
				);
				MARKETING_VERSION = 1.0;
				PRODUCT_BUNDLE_IDENTIFIER = com.jenna.ContactManagerUI;
				PRODUCT_NAME = "$(TARGET_NAME)";
				SDKROOT = iphoneos;
				SWIFT_EMIT_LOC_STRINGS = YES;
				SWIFT_VERSION = 5.0;
				TARGETED_DEVICE_FAMILY = "1,2";
				VALIDATE_PRODUCT = YES;
			};
			name = Release;
		};
		EB5EB1AB2952BE4300752155 /* Debug */ = {
			isa = XCBuildConfiguration;
			buildSettings = {
				ALWAYS_SEARCH_USER_PATHS = NO;
				CLANG_ANALYZER_NONNULL = YES;
				CLANG_ANALYZER_NUMBER_OBJECT_CONVERSION = YES_AGGRESSIVE;
				CLANG_CXX_LANGUAGE_STANDARD = "gnu++20";
				CLANG_ENABLE_MODULES = YES;
				CLANG_ENABLE_OBJC_ARC = YES;
				CLANG_ENABLE_OBJC_WEAK = YES;
				CLANG_WARN_BLOCK_CAPTURE_AUTORELEASING = YES;
				CLANG_WARN_BOOL_CONVERSION = YES;
				CLANG_WARN_COMMA = YES;
				CLANG_WARN_CONSTANT_CONVERSION = YES;
				CLANG_WARN_DEPRECATED_OBJC_IMPLEMENTATIONS = YES;
				CLANG_WARN_DIRECT_OBJC_ISA_USAGE = YES_ERROR;
				CLANG_WARN_DOCUMENTATION_COMMENTS = YES;
				CLANG_WARN_EMPTY_BODY = YES;
				CLANG_WARN_ENUM_CONVERSION = YES;
				CLANG_WARN_INFINITE_RECURSION = YES;
				CLANG_WARN_INT_CONVERSION = YES;
				CLANG_WARN_NON_LITERAL_NULL_CONVERSION = YES;
				CLANG_WARN_OBJC_IMPLICIT_RETAIN_SELF = YES;
				CLANG_WARN_OBJC_LITERAL_CONVERSION = YES;
				CLANG_WARN_OBJC_ROOT_CLASS = YES_ERROR;
				CLANG_WARN_QUOTED_INCLUDE_IN_FRAMEWORK_HEADER = YES;
				CLANG_WARN_RANGE_LOOP_ANALYSIS = YES;
				CLANG_WARN_STRICT_PROTOTYPES = YES;
				CLANG_WARN_SUSPICIOUS_MOVE = YES;
				CLANG_WARN_UNGUARDED_AVAILABILITY = YES_AGGRESSIVE;
				CLANG_WARN_UNREACHABLE_CODE = YES;
				CLANG_WARN__DUPLICATE_METHOD_MATCH = YES;
				COPY_PHASE_STRIP = NO;
				DEBUG_INFORMATION_FORMAT = dwarf;
				ENABLE_STRICT_OBJC_MSGSEND = YES;
				ENABLE_TESTABILITY = YES;
				GCC_C_LANGUAGE_STANDARD = gnu11;
				GCC_DYNAMIC_NO_PIC = NO;
				GCC_NO_COMMON_BLOCKS = YES;
				GCC_OPTIMIZATION_LEVEL = 0;
				GCC_PREPROCESSOR_DEFINITIONS = (
					"DEBUG=1",
					"$(inherited)",
				);
				GCC_WARN_64_TO_32_BIT_CONVERSION = YES;
				GCC_WARN_ABOUT_RETURN_TYPE = YES_ERROR;
				GCC_WARN_UNDECLARED_SELECTOR = YES;
				GCC_WARN_UNINITIALIZED_AUTOS = YES_AGGRESSIVE;
				GCC_WARN_UNUSED_FUNCTION = YES;
				GCC_WARN_UNUSED_VARIABLE = YES;
				MACOSX_DEPLOYMENT_TARGET = 13.0;
				MTL_ENABLE_DEBUG_INFO = INCLUDE_SOURCE;
				MTL_FAST_MATH = YES;
				ONLY_ACTIVE_ARCH = YES;
				SDKROOT = macosx;
				SWIFT_ACTIVE_COMPILATION_CONDITIONS = DEBUG;
				SWIFT_OPTIMIZATION_LEVEL = "-Onone";
			};
			name = Debug;
		};
		EB5EB1AC2952BE4300752155 /* Release */ = {
			isa = XCBuildConfiguration;
			buildSettings = {
				ALWAYS_SEARCH_USER_PATHS = NO;
				CLANG_ANALYZER_NONNULL = YES;
				CLANG_ANALYZER_NUMBER_OBJECT_CONVERSION = YES_AGGRESSIVE;
				CLANG_CXX_LANGUAGE_STANDARD = "gnu++20";
				CLANG_ENABLE_MODULES = YES;
				CLANG_ENABLE_OBJC_ARC = YES;
				CLANG_ENABLE_OBJC_WEAK = YES;
				CLANG_WARN_BLOCK_CAPTURE_AUTORELEASING = YES;
				CLANG_WARN_BOOL_CONVERSION = YES;
				CLANG_WARN_COMMA = YES;
				CLANG_WARN_CONSTANT_CONVERSION = YES;
				CLANG_WARN_DEPRECATED_OBJC_IMPLEMENTATIONS = YES;
				CLANG_WARN_DIRECT_OBJC_ISA_USAGE = YES_ERROR;
				CLANG_WARN_DOCUMENTATION_COMMENTS = YES;
				CLANG_WARN_EMPTY_BODY = YES;
				CLANG_WARN_ENUM_CONVERSION = YES;
				CLANG_WARN_INFINITE_RECURSION = YES;
				CLANG_WARN_INT_CONVERSION = YES;
				CLANG_WARN_NON_LITERAL_NULL_CONVERSION = YES;
				CLANG_WARN_OBJC_IMPLICIT_RETAIN_SELF = YES;
				CLANG_WARN_OBJC_LITERAL_CONVERSION = YES;
				CLANG_WARN_OBJC_ROOT_CLASS = YES_ERROR;
				CLANG_WARN_QUOTED_INCLUDE_IN_FRAMEWORK_HEADER = YES;
				CLANG_WARN_RANGE_LOOP_ANALYSIS = YES;
				CLANG_WARN_STRICT_PROTOTYPES = YES;
				CLANG_WARN_SUSPICIOUS_MOVE = YES;
				CLANG_WARN_UNGUARDED_AVAILABILITY = YES_AGGRESSIVE;
				CLANG_WARN_UNREACHABLE_CODE = YES;
				CLANG_WARN__DUPLICATE_METHOD_MATCH = YES;
				COPY_PHASE_STRIP = NO;
				DEBUG_INFORMATION_FORMAT = "dwarf-with-dsym";
				ENABLE_NS_ASSERTIONS = NO;
				ENABLE_STRICT_OBJC_MSGSEND = YES;
				GCC_C_LANGUAGE_STANDARD = gnu11;
				GCC_NO_COMMON_BLOCKS = YES;
				GCC_WARN_64_TO_32_BIT_CONVERSION = YES;
				GCC_WARN_ABOUT_RETURN_TYPE = YES_ERROR;
				GCC_WARN_UNDECLARED_SELECTOR = YES;
				GCC_WARN_UNINITIALIZED_AUTOS = YES_AGGRESSIVE;
				GCC_WARN_UNUSED_FUNCTION = YES;
				GCC_WARN_UNUSED_VARIABLE = YES;
				MACOSX_DEPLOYMENT_TARGET = 13.0;
				MTL_ENABLE_DEBUG_INFO = NO;
				MTL_FAST_MATH = YES;
				SDKROOT = macosx;
				SWIFT_COMPILATION_MODE = wholemodule;
				SWIFT_OPTIMIZATION_LEVEL = "-O";
			};
			name = Release;
		};
		EB5EB1AE2952BE4300752155 /* Debug */ = {
			isa = XCBuildConfiguration;
			buildSettings = {
				CODE_SIGN_STYLE = Automatic;
				MACOSX_DEPLOYMENT_TARGET = 12.0;
				PRODUCT_NAME = "$(TARGET_NAME)";
				SWIFT_VERSION = 5.0;
			};
			name = Debug;
		};
		EB5EB1AF2952BE4300752155 /* Release */ = {
			isa = XCBuildConfiguration;
			buildSettings = {
				CODE_SIGN_STYLE = Automatic;
				MACOSX_DEPLOYMENT_TARGET = 12.0;
				PRODUCT_NAME = "$(TARGET_NAME)";
				SWIFT_VERSION = 5.0;
			};
			name = Release;
		};
/* End XCBuildConfiguration section */

/* Begin XCConfigurationList section */
		3B4BC7A62987619A00C21130 /* Build configuration list for PBXNativeTarget "ContactManagerUI" */ = {
			isa = XCConfigurationList;
			buildConfigurations = (
				3B4BC7A42987619A00C21130 /* Debug */,
				3B4BC7A52987619A00C21130 /* Release */,
			);
			defaultConfigurationIsVisible = 0;
			defaultConfigurationName = Release;
		};
		EB5EB1A12952BE4300752155 /* Build configuration list for PBXProject "ios-cantact-manager" */ = {
			isa = XCConfigurationList;
			buildConfigurations = (
				EB5EB1AB2952BE4300752155 /* Debug */,
				EB5EB1AC2952BE4300752155 /* Release */,
			);
			defaultConfigurationIsVisible = 0;
			defaultConfigurationName = Release;
		};
		EB5EB1AD2952BE4300752155 /* Build configuration list for PBXNativeTarget "ios-cantact-manager" */ = {
			isa = XCConfigurationList;
			buildConfigurations = (
				EB5EB1AE2952BE4300752155 /* Debug */,
				EB5EB1AF2952BE4300752155 /* Release */,
			);
			defaultConfigurationIsVisible = 0;
			defaultConfigurationName = Release;
		};
/* End XCConfigurationList section */
	};
	rootObject = EB5EB19E2952BE4300752155 /* Project object */;
}
