// !$*UTF8*$!
{
	archiveVersion = 1;
	classes = {
	};
	objectVersion = 56;
	objects = {

/* Begin PBXBuildFile section */
		3B7DEA132952C861002C7E4D /* InputManager.swift in Sources */ = {isa = PBXBuildFile; fileRef = 3B7DEA122952C861002C7E4D /* InputManager.swift */; };
		3B7DEA152952C8F1002C7E4D /* Profile.swift in Sources */ = {isa = PBXBuildFile; fileRef = 3B7DEA142952C8F1002C7E4D /* Profile.swift */; };
		3B7DEA172952D10D002C7E4D /* ContactManageSystem.swift in Sources */ = {isa = PBXBuildFile; fileRef = 3B7DEA162952D10D002C7E4D /* ContactManageSystem.swift */; };
		EB1AE1932953F044003C94B0 /* InputError.swift in Sources */ = {isa = PBXBuildFile; fileRef = EB1AE1922953F044003C94B0 /* InputError.swift */; };
		EB374D0A295AC31800A737ED /* OutputManager.swift in Sources */ = {isa = PBXBuildFile; fileRef = EB374D09295AC31800A737ED /* OutputManager.swift */; };
		EB5EB1AA2952BE4300752155 /* main.swift in Sources */ = {isa = PBXBuildFile; fileRef = EB5EB1A92952BE4300752155 /* main.swift */; };
/* End PBXBuildFile section */

/* Begin PBXCopyFilesBuildPhase section */
		EB5EB1A42952BE4300752155 /* CopyFiles */ = {
			isa = PBXCopyFilesBuildPhase;
			buildActionMask = 2147483647;
			dstPath = /usr/share/man/man1/;
			dstSubfolderSpec = 0;
			files = (
			);
			runOnlyForDeploymentPostprocessing = 1;
		};
/* End PBXCopyFilesBuildPhase section */

/* Begin PBXFileReference section */
		3B7DEA122952C861002C7E4D /* InputManager.swift */ = {isa = PBXFileReference; lastKnownFileType = sourcecode.swift; path = InputManager.swift; sourceTree = "<group>"; };
		3B7DEA142952C8F1002C7E4D /* Profile.swift */ = {isa = PBXFileReference; lastKnownFileType = sourcecode.swift; path = Profile.swift; sourceTree = "<group>"; };
		3B7DEA162952D10D002C7E4D /* ContactManageSystem.swift */ = {isa = PBXFileReference; lastKnownFileType = sourcecode.swift; path = ContactManageSystem.swift; sourceTree = "<group>"; };
		EB1AE1922953F044003C94B0 /* InputError.swift */ = {isa = PBXFileReference; lastKnownFileType = sourcecode.swift; path = InputError.swift; sourceTree = "<group>"; };
		EB374D09295AC31800A737ED /* OutputManager.swift */ = {isa = PBXFileReference; lastKnownFileType = sourcecode.swift; path = OutputManager.swift; sourceTree = "<group>"; };
		EB5EB1A62952BE4300752155 /* ios-cantact-manager */ = {isa = PBXFileReference; explicitFileType = "compiled.mach-o.executable"; includeInIndex = 0; path = "ios-cantact-manager"; sourceTree = BUILT_PRODUCTS_DIR; };
		EB5EB1A92952BE4300752155 /* main.swift */ = {isa = PBXFileReference; lastKnownFileType = sourcecode.swift; path = main.swift; sourceTree = "<group>"; };
/* End PBXFileReference section */

/* Begin PBXFrameworksBuildPhase section */
		EB5EB1A32952BE4300752155 /* Frameworks */ = {
			isa = PBXFrameworksBuildPhase;
			buildActionMask = 2147483647;
			files = (
			);
			runOnlyForDeploymentPostprocessing = 0;
		};
/* End PBXFrameworksBuildPhase section */

/* Begin PBXGroup section */
		EB5EB19D2952BE4300752155 = {
			isa = PBXGroup;
			children = (
				EB5EB1A82952BE4300752155 /* ios-cantact-manager */,
				EB5EB1A72952BE4300752155 /* Products */,
			);
			sourceTree = "<group>";
		};
		EB5EB1A72952BE4300752155 /* Products */ = {
			isa = PBXGroup;
			children = (
				EB5EB1A62952BE4300752155 /* ios-cantact-manager */,
			);
			name = Products;
			sourceTree = "<group>";
		};
		EB5EB1A82952BE4300752155 /* ios-cantact-manager */ = {
			isa = PBXGroup;
			children = (
				EB5EB1A92952BE4300752155 /* main.swift */,
				3B7DEA122952C861002C7E4D /* InputManager.swift */,
				3B7DEA142952C8F1002C7E4D /* Profile.swift */,
				3B7DEA162952D10D002C7E4D /* ContactManageSystem.swift */,
				EB1AE1922953F044003C94B0 /* InputError.swift */,
				EB374D09295AC31800A737ED /* OutputManager.swift */,
			);
			path = "ios-cantact-manager";
			sourceTree = "<group>";
		};
/* End PBXGroup section */

/* Begin PBXNativeTarget section */
		EB5EB1A52952BE4300752155 /* ios-cantact-manager */ = {
			isa = PBXNativeTarget;
			buildConfigurationList = EB5EB1AD2952BE4300752155 /* Build configuration list for PBXNativeTarget "ios-cantact-manager" */;
			buildPhases = (
				EB5EB1A22952BE4300752155 /* Sources */,
				EB5EB1A32952BE4300752155 /* Frameworks */,
				EB5EB1A42952BE4300752155 /* CopyFiles */,
			);
			buildRules = (
			);
			dependencies = (
			);
			name = "ios-cantact-manager";
			productName = "ios-cantact-manager";
			productReference = EB5EB1A62952BE4300752155 /* ios-cantact-manager */;
			productType = "com.apple.product-type.tool";
		};
/* End PBXNativeTarget section */

/* Begin PBXProject section */
		EB5EB19E2952BE4300752155 /* Project object */ = {
			isa = PBXProject;
			attributes = {
				BuildIndependentTargetsInParallel = 1;
				LastSwiftUpdateCheck = 1420;
				LastUpgradeCheck = 1420;
				TargetAttributes = {
					EB5EB1A52952BE4300752155 = {
						CreatedOnToolsVersion = 14.2;
					};
				};
			};
			buildConfigurationList = EB5EB1A12952BE4300752155 /* Build configuration list for PBXProject "ios-cantact-manager" */;
			compatibilityVersion = "Xcode 14.0";
			developmentRegion = en;
			hasScannedForEncodings = 0;
			knownRegions = (
				en,
				Base,
			);
			mainGroup = EB5EB19D2952BE4300752155;
			productRefGroup = EB5EB1A72952BE4300752155 /* Products */;
			projectDirPath = "";
			projectRoot = "";
			targets = (
				EB5EB1A52952BE4300752155 /* ios-cantact-manager */,
			);
		};
/* End PBXProject section */

/* Begin PBXSourcesBuildPhase section */
		EB5EB1A22952BE4300752155 /* Sources */ = {
			isa = PBXSourcesBuildPhase;
			buildActionMask = 2147483647;
			files = (
				EB374D0A295AC31800A737ED /* OutputManager.swift in Sources */,
				3B7DEA132952C861002C7E4D /* InputManager.swift in Sources */,
				3B7DEA152952C8F1002C7E4D /* Profile.swift in Sources */,
				3B7DEA172952D10D002C7E4D /* ContactManageSystem.swift in Sources */,
				EB5EB1AA2952BE4300752155 /* main.swift in Sources */,
				EB1AE1932953F044003C94B0 /* InputError.swift in Sources */,
			);
			runOnlyForDeploymentPostprocessing = 0;
		};
/* End PBXSourcesBuildPhase section */

/* Begin XCBuildConfiguration section */
		EB5EB1AB2952BE4300752155 /* Debug */ = {
			isa = XCBuildConfiguration;
			buildSettings = {
				ALWAYS_SEARCH_USER_PATHS = NO;
				CLANG_ANALYZER_NONNULL = YES;
				CLANG_ANALYZER_NUMBER_OBJECT_CONVERSION = YES_AGGRESSIVE;
				CLANG_CXX_LANGUAGE_STANDARD = "gnu++20";
				CLANG_ENABLE_MODULES = YES;
				CLANG_ENABLE_OBJC_ARC = YES;
				CLANG_ENABLE_OBJC_WEAK = YES;
				CLANG_WARN_BLOCK_CAPTURE_AUTORELEASING = YES;
				CLANG_WARN_BOOL_CONVERSION = YES;
				CLANG_WARN_COMMA = YES;
				CLANG_WARN_CONSTANT_CONVERSION = YES;
				CLANG_WARN_DEPRECATED_OBJC_IMPLEMENTATIONS = YES;
				CLANG_WARN_DIRECT_OBJC_ISA_USAGE = YES_ERROR;
				CLANG_WARN_DOCUMENTATION_COMMENTS = YES;
				CLANG_WARN_EMPTY_BODY = YES;
				CLANG_WARN_ENUM_CONVERSION = YES;
				CLANG_WARN_INFINITE_RECURSION = YES;
				CLANG_WARN_INT_CONVERSION = YES;
				CLANG_WARN_NON_LITERAL_NULL_CONVERSION = YES;
				CLANG_WARN_OBJC_IMPLICIT_RETAIN_SELF = YES;
				CLANG_WARN_OBJC_LITERAL_CONVERSION = YES;
				CLANG_WARN_OBJC_ROOT_CLASS = YES_ERROR;
				CLANG_WARN_QUOTED_INCLUDE_IN_FRAMEWORK_HEADER = YES;
				CLANG_WARN_RANGE_LOOP_ANALYSIS = YES;
				CLANG_WARN_STRICT_PROTOTYPES = YES;
				CLANG_WARN_SUSPICIOUS_MOVE = YES;
				CLANG_WARN_UNGUARDED_AVAILABILITY = YES_AGGRESSIVE;
				CLANG_WARN_UNREACHABLE_CODE = YES;
				CLANG_WARN__DUPLICATE_METHOD_MATCH = YES;
				COPY_PHASE_STRIP = NO;
				DEBUG_INFORMATION_FORMAT = dwarf;
				ENABLE_STRICT_OBJC_MSGSEND = YES;
				ENABLE_TESTABILITY = YES;
				GCC_C_LANGUAGE_STANDARD = gnu11;
				GCC_DYNAMIC_NO_PIC = NO;
				GCC_NO_COMMON_BLOCKS = YES;
				GCC_OPTIMIZATION_LEVEL = 0;
				GCC_PREPROCESSOR_DEFINITIONS = (
					"DEBUG=1",
					"$(inherited)",
				);
				GCC_WARN_64_TO_32_BIT_CONVERSION = YES;
				GCC_WARN_ABOUT_RETURN_TYPE = YES_ERROR;
				GCC_WARN_UNDECLARED_SELECTOR = YES;
				GCC_WARN_UNINITIALIZED_AUTOS = YES_AGGRESSIVE;
				GCC_WARN_UNUSED_FUNCTION = YES;
				GCC_WARN_UNUSED_VARIABLE = YES;
				MACOSX_DEPLOYMENT_TARGET = 13.0;
				MTL_ENABLE_DEBUG_INFO = INCLUDE_SOURCE;
				MTL_FAST_MATH = YES;
				ONLY_ACTIVE_ARCH = YES;
				SDKROOT = macosx;
				SWIFT_ACTIVE_COMPILATION_CONDITIONS = DEBUG;
				SWIFT_OPTIMIZATION_LEVEL = "-Onone";
			};
			name = Debug;
		};
		EB5EB1AC2952BE4300752155 /* Release */ = {
			isa = XCBuildConfiguration;
			buildSettings = {
				ALWAYS_SEARCH_USER_PATHS = NO;
				CLANG_ANALYZER_NONNULL = YES;
				CLANG_ANALYZER_NUMBER_OBJECT_CONVERSION = YES_AGGRESSIVE;
				CLANG_CXX_LANGUAGE_STANDARD = "gnu++20";
				CLANG_ENABLE_MODULES = YES;
				CLANG_ENABLE_OBJC_ARC = YES;
				CLANG_ENABLE_OBJC_WEAK = YES;
				CLANG_WARN_BLOCK_CAPTURE_AUTORELEASING = YES;
				CLANG_WARN_BOOL_CONVERSION = YES;
				CLANG_WARN_COMMA = YES;
				CLANG_WARN_CONSTANT_CONVERSION = YES;
				CLANG_WARN_DEPRECATED_OBJC_IMPLEMENTATIONS = YES;
				CLANG_WARN_DIRECT_OBJC_ISA_USAGE = YES_ERROR;
				CLANG_WARN_DOCUMENTATION_COMMENTS = YES;
				CLANG_WARN_EMPTY_BODY = YES;
				CLANG_WARN_ENUM_CONVERSION = YES;
				CLANG_WARN_INFINITE_RECURSION = YES;
				CLANG_WARN_INT_CONVERSION = YES;
				CLANG_WARN_NON_LITERAL_NULL_CONVERSION = YES;
				CLANG_WARN_OBJC_IMPLICIT_RETAIN_SELF = YES;
				CLANG_WARN_OBJC_LITERAL_CONVERSION = YES;
				CLANG_WARN_OBJC_ROOT_CLASS = YES_ERROR;
				CLANG_WARN_QUOTED_INCLUDE_IN_FRAMEWORK_HEADER = YES;
				CLANG_WARN_RANGE_LOOP_ANALYSIS = YES;
				CLANG_WARN_STRICT_PROTOTYPES = YES;
				CLANG_WARN_SUSPICIOUS_MOVE = YES;
				CLANG_WARN_UNGUARDED_AVAILABILITY = YES_AGGRESSIVE;
				CLANG_WARN_UNREACHABLE_CODE = YES;
				CLANG_WARN__DUPLICATE_METHOD_MATCH = YES;
				COPY_PHASE_STRIP = NO;
				DEBUG_INFORMATION_FORMAT = "dwarf-with-dsym";
				ENABLE_NS_ASSERTIONS = NO;
				ENABLE_STRICT_OBJC_MSGSEND = YES;
				GCC_C_LANGUAGE_STANDARD = gnu11;
				GCC_NO_COMMON_BLOCKS = YES;
				GCC_WARN_64_TO_32_BIT_CONVERSION = YES;
				GCC_WARN_ABOUT_RETURN_TYPE = YES_ERROR;
				GCC_WARN_UNDECLARED_SELECTOR = YES;
				GCC_WARN_UNINITIALIZED_AUTOS = YES_AGGRESSIVE;
				GCC_WARN_UNUSED_FUNCTION = YES;
				GCC_WARN_UNUSED_VARIABLE = YES;
				MACOSX_DEPLOYMENT_TARGET = 13.0;
				MTL_ENABLE_DEBUG_INFO = NO;
				MTL_FAST_MATH = YES;
				SDKROOT = macosx;
				SWIFT_COMPILATION_MODE = wholemodule;
				SWIFT_OPTIMIZATION_LEVEL = "-O";
			};
			name = Release;
		};
		EB5EB1AE2952BE4300752155 /* Debug */ = {
			isa = XCBuildConfiguration;
			buildSettings = {
				CODE_SIGN_STYLE = Automatic;
				MACOSX_DEPLOYMENT_TARGET = 12.0;
				PRODUCT_NAME = "$(TARGET_NAME)";
				SWIFT_VERSION = 5.0;
			};
			name = Debug;
		};
		EB5EB1AF2952BE4300752155 /* Release */ = {
			isa = XCBuildConfiguration;
			buildSettings = {
				CODE_SIGN_STYLE = Automatic;
				MACOSX_DEPLOYMENT_TARGET = 12.0;
				PRODUCT_NAME = "$(TARGET_NAME)";
				SWIFT_VERSION = 5.0;
			};
			name = Release;
		};
/* End XCBuildConfiguration section */

/* Begin XCConfigurationList section */
		EB5EB1A12952BE4300752155 /* Build configuration list for PBXProject "ios-cantact-manager" */ = {
			isa = XCConfigurationList;
			buildConfigurations = (
				EB5EB1AB2952BE4300752155 /* Debug */,
				EB5EB1AC2952BE4300752155 /* Release */,
			);
			defaultConfigurationIsVisible = 0;
			defaultConfigurationName = Release;
		};
		EB5EB1AD2952BE4300752155 /* Build configuration list for PBXNativeTarget "ios-cantact-manager" */ = {
			isa = XCConfigurationList;
			buildConfigurations = (
				EB5EB1AE2952BE4300752155 /* Debug */,
				EB5EB1AF2952BE4300752155 /* Release */,
			);
			defaultConfigurationIsVisible = 0;
			defaultConfigurationName = Release;
		};
/* End XCConfigurationList section */
	};
	rootObject = EB5EB19E2952BE4300752155 /* Project object */;
}
